
Microsoft Visual Studio Solution File, Format Version 12.00
# Visual Studio Version 17
VisualStudioVersion = 17.2.32526.322
MinimumVisualStudioVersion = 10.0.40219.1
Project("{9A19103F-16F7-4668-BE54-9A1E7A4F7556}") = "Ch01", "Ch01\Ch01.csproj", "{B40BBEF3-BF19-482C-B900-2E4F62B009C1}"
EndProject
Project("{9A19103F-16F7-4668-BE54-9A1E7A4F7556}") = "Ch02", "Ch02\Ch02.csproj", "{BE8FA94B-D556-4CE0-ABF5-4392D4802C3D}"
EndProject
Project("{9A19103F-16F7-4668-BE54-9A1E7A4F7556}") = "Book", "Book\Book.csproj", "{3F244FCC-F837-46BC-96BC-2290A67208C8}"
EndProject
Project("{9A19103F-16F7-4668-BE54-9A1E7A4F7556}") = "Ch03", "Ch03\Ch03.csproj", "{2676E847-6E56-47CF-9CF0-92208A9F9C92}"
EndProject
Project("{FAE04EC0-301F-11D3-BF4B-00C04F79EFBC}") = "Backjun", "Backjun\Backjun.csproj", "{FFC30AF6-060F-4E20-A21A-B4309861D939}"
EndProject
Global
	GlobalSection(SolutionConfigurationPlatforms) = preSolution
		Debug|Any CPU = Debug|Any CPU
		Release|Any CPU = Release|Any CPU
	EndGlobalSection
	GlobalSection(ProjectConfigurationPlatforms) = postSolution
		{B40BBEF3-BF19-482C-B900-2E4F62B009C1}.Debug|Any CPU.ActiveCfg = Debug|Any CPU
		{B40BBEF3-BF19-482C-B900-2E4F62B009C1}.Debug|Any CPU.Build.0 = Debug|Any CPU
		{B40BBEF3-BF19-482C-B900-2E4F62B009C1}.Release|Any CPU.ActiveCfg = Release|Any CPU
		{B40BBEF3-BF19-482C-B900-2E4F62B009C1}.Release|Any CPU.Build.0 = Release|Any CPU
		{BE8FA94B-D556-4CE0-ABF5-4392D4802C3D}.Debug|Any CPU.ActiveCfg = Debug|Any CPU
		{BE8FA94B-D556-4CE0-ABF5-4392D4802C3D}.Debug|Any CPU.Build.0 = Debug|Any CPU
		{BE8FA94B-D556-4CE0-ABF5-4392D4802C3D}.Release|Any CPU.ActiveCfg = Release|Any CPU
		{BE8FA94B-D556-4CE0-ABF5-4392D4802C3D}.Release|Any CPU.Build.0 = Release|Any CPU
		{3F244FCC-F837-46BC-96BC-2290A67208C8}.Debug|Any CPU.ActiveCfg = Debug|Any CPU
		{3F244FCC-F837-46BC-96BC-2290A67208C8}.Debug|Any CPU.Build.0 = Debug|Any CPU
		{3F244FCC-F837-46BC-96BC-2290A67208C8}.Release|Any CPU.ActiveCfg = Release|Any CPU
		{3F244FCC-F837-46BC-96BC-2290A67208C8}.Release|Any CPU.Build.0 = Release|Any CPU
		{2676E847-6E56-47CF-9CF0-92208A9F9C92}.Debug|Any CPU.ActiveCfg = Debug|Any CPU
		{2676E847-6E56-47CF-9CF0-92208A9F9C92}.Debug|Any CPU.Build.0 = Debug|Any CPU
		{2676E847-6E56-47CF-9CF0-92208A9F9C92}.Release|Any CPU.ActiveCfg = Release|Any CPU
		{2676E847-6E56-47CF-9CF0-92208A9F9C92}.Release|Any CPU.Build.0 = Release|Any CPU
		{FFC30AF6-060F-4E20-A21A-B4309861D939}.Debug|Any CPU.ActiveCfg = Debug|Any CPU
		{FFC30AF6-060F-4E20-A21A-B4309861D939}.Debug|Any CPU.Build.0 = Debug|Any CPU
		{FFC30AF6-060F-4E20-A21A-B4309861D939}.Release|Any CPU.ActiveCfg = Release|Any CPU
		{FFC30AF6-060F-4E20-A21A-B4309861D939}.Release|Any CPU.Build.0 = Release|Any CPU
	EndGlobalSection
	GlobalSection(SolutionProperties) = preSolution
		HideSolutionNode = FALSE
	EndGlobalSection
	GlobalSection(ExtensibilityGlobals) = postSolution
		SolutionGuid = {945EA729-4095-43C3-8D44-8A4C617B1558}
	EndGlobalSection
EndGlobal
